
Microsoft Visual Studio Solution File, Format Version 12.00
# Visual Studio Version 17
VisualStudioVersion = 17.14.36705.20 d17.14
MinimumVisualStudioVersion = 10.0.40219.1
Project("{FAE04EC0-301F-11D3-BF4B-00C04F79EFBC}") = "lab3", "lab3.csproj", "{A9887A2E-C633-43ED-991C-E6628A0DF703}"
EndProject
Global
	GlobalSection(SolutionConfigurationPlatforms) = preSolution
		Debug|Any CPU = Debug|Any CPU
		Release|Any CPU = Release|Any CPU
	EndGlobalSection
	GlobalSection(ProjectConfigurationPlatforms) = postSolution
		{A9887A2E-C633-43ED-991C-E6628A0DF703}.Debug|Any CPU.ActiveCfg = Debug|Any CPU
		{A9887A2E-C633-43ED-991C-E6628A0DF703}.Debug|Any CPU.Build.0 = Debug|Any CPU
		{A9887A2E-C633-43ED-991C-E6628A0DF703}.Release|Any CPU.ActiveCfg = Release|Any CPU
		{A9887A2E-C633-43ED-991C-E6628A0DF703}.Release|Any CPU.Build.0 = Release|Any CPU
	EndGlobalSection
	GlobalSection(SolutionProperties) = preSolution
		HideSolutionNode = FALSE
	EndGlobalSection
	GlobalSection(ExtensibilityGlobals) = postSolution
		SolutionGuid = {1CD4BBDD-B56E-4D48-9D37-EBE83F3C315B}
	EndGlobalSection
EndGlobal
