
Microsoft Visual Studio Solution File, Format Version 12.00
# Visual Studio Version 17
VisualStudioVersion = 17.11.35327.3
MinimumVisualStudioVersion = 10.0.40219.1
Project("{FAE04EC0-301F-11D3-BF4B-00C04F79EFBC}") = "SOLID_Fundamentals", "SOLID_Fundamentals.csproj", "{1210A9CF-6262-4132-B780-893CFC93041D}"
EndProject
Project("{FAE04EC0-301F-11D3-BF4B-00C04F79EFBC}") = "lab2", "..\lab2\lab2.csproj", "{CF5CCB70-4779-4A76-9406-76A378E6690D}"
EndProject
Global
	GlobalSection(SolutionConfigurationPlatforms) = preSolution
		Debug|Any CPU = Debug|Any CPU
		Release|Any CPU = Release|Any CPU
	EndGlobalSection
	GlobalSection(ProjectConfigurationPlatforms) = postSolution
		{1210A9CF-6262-4132-B780-893CFC93041D}.Debug|Any CPU.ActiveCfg = Debug|Any CPU
		{1210A9CF-6262-4132-B780-893CFC93041D}.Debug|Any CPU.Build.0 = Debug|Any CPU
		{1210A9CF-6262-4132-B780-893CFC93041D}.Release|Any CPU.ActiveCfg = Release|Any CPU
		{1210A9CF-6262-4132-B780-893CFC93041D}.Release|Any CPU.Build.0 = Release|Any CPU
		{CF5CCB70-4779-4A76-9406-76A378E6690D}.Debug|Any CPU.ActiveCfg = Debug|Any CPU
		{CF5CCB70-4779-4A76-9406-76A378E6690D}.Debug|Any CPU.Build.0 = Debug|Any CPU
		{CF5CCB70-4779-4A76-9406-76A378E6690D}.Release|Any CPU.ActiveCfg = Release|Any CPU
		{CF5CCB70-4779-4A76-9406-76A378E6690D}.Release|Any CPU.Build.0 = Release|Any CPU
	EndGlobalSection
	GlobalSection(SolutionProperties) = preSolution
		HideSolutionNode = FALSE
	EndGlobalSection
	GlobalSection(ExtensibilityGlobals) = postSolution
		SolutionGuid = {604F8004-D681-482C-8ECD-CDDA9892A3F2}
	EndGlobalSection
EndGlobal
